{
    "name": "freeboard-sk-helper",
    "version": "1.1.0",
    "lockfileVersion": 1,
    "requires": true,
    "dependencies": {
        "@types/body-parser": {
            "version": "1.19.0",
            "resolved": "https://registry.npmjs.org/@types/body-parser/-/body-parser-1.19.0.tgz",
            "integrity": "sha512-W98JrE0j2K78swW4ukqMleo8R7h/pFETjM2DQ90MF6XK2i4LO4W3gQ71Lt4w3bfm2EvVSyWHplECvB5sK22yFQ==",
            "dev": true,
            "requires": {
                "@types/connect": "*",
                "@types/node": "*"
            }
        },
        "@types/connect": {
            "version": "3.4.33",
            "resolved": "https://registry.npmjs.org/@types/connect/-/connect-3.4.33.tgz",
            "integrity": "sha512-2+FrkXY4zllzTNfJth7jOqEHC+enpLeGslEhpnTAkg21GkRrWV4SsAtqchtT4YS9/nODBU2/ZfsBY2X4J/dX7A==",
            "dev": true,
            "requires": {
                "@types/node": "*"
            }
        },
        "@types/debug": {
            "version": "4.1.5",
            "resolved": "https://registry.npmjs.org/@types/debug/-/debug-4.1.5.tgz",
            "integrity": "sha512-Q1y515GcOdTHgagaVFhHnIFQ38ygs/kmxdNpvpou+raI9UO3YZcHDngBSYKQklcKlvA7iuQlmIKbzvmxcOE9CQ==",
            "dev": true
        },
        "@types/express": {
            "version": "4.17.6",
            "resolved": "https://registry.npmjs.org/@types/express/-/express-4.17.6.tgz",
            "integrity": "sha512-n/mr9tZI83kd4azlPG5y997C/M4DNABK9yErhFM6hKdym4kkmd9j0vtsJyjFIwfRBxtrxZtAfGZCNRIBMFLK5w==",
            "dev": true,
            "requires": {
                "@types/body-parser": "*",
                "@types/express-serve-static-core": "*",
                "@types/qs": "*",
                "@types/serve-static": "*"
            }
        },
        "@types/express-serve-static-core": {
            "version": "4.17.5",
            "resolved": "https://registry.npmjs.org/@types/express-serve-static-core/-/express-serve-static-core-4.17.5.tgz",
            "integrity": "sha512-578YH5Lt88AKoADy0b2jQGwJtrBxezXtVe/MBqWXKZpqx91SnC0pVkVCcxcytz3lWW+cHBYDi3Ysh0WXc+rAYw==",
            "dev": true,
            "requires": {
                "@types/node": "*",
                "@types/range-parser": "*"
            }
        },
        "@types/mime": {
            "version": "2.0.1",
            "resolved": "https://registry.npmjs.org/@types/mime/-/mime-2.0.1.tgz",
            "integrity": "sha512-FwI9gX75FgVBJ7ywgnq/P7tw+/o1GUbtP0KzbtusLigAOgIgNISRK0ZPl4qertvXSIE8YbsVJueQ90cDt9YYyw==",
            "dev": true
        },
        "@types/mkdirp": {
            "version": "0.5.2",
            "resolved": "https://registry.npmjs.org/@types/mkdirp/-/mkdirp-0.5.2.tgz",
            "integrity": "sha512-U5icWpv7YnZYGsN4/cmh3WD2onMY0aJIiTE6+51TwJCttdHvtCYmkBNOobHlXwrJRL0nkH9jH4kD+1FAdMN4Tg==",
            "dev": true,
            "requires": {
                "@types/node": "*"
            }
        },
        "@types/node": {
            "version": "12.12.17",
            "resolved": "https://registry.npmjs.org/@types/node/-/node-12.12.17.tgz",
            "integrity": "sha512-Is+l3mcHvs47sKy+afn2O1rV4ldZFU7W8101cNlOd+MRbjM4Onida8jSZnJdTe/0Pcf25g9BNIUsuugmE6puHA==",
            "dev": true
        },
        "@types/node-fetch": {
            "version": "2.5.6",
            "resolved": "https://registry.npmjs.org/@types/node-fetch/-/node-fetch-2.5.6.tgz",
            "integrity": "sha512-2w0NTwMWF1d3NJMK0Uiq2UNN8htVCyOWOD0jIPjPgC5Ph/YP4dVhs9YxxcMcuLuwAslz0dVEcZQUaqkLs3IzOQ==",
            "dev": true,
            "requires": {
                "@types/node": "*",
                "form-data": "^3.0.0"
            }
        },
        "@types/pouchdb": {
            "version": "6.4.0",
            "resolved": "https://registry.npmjs.org/@types/pouchdb/-/pouchdb-6.4.0.tgz",
            "integrity": "sha512-eGCpX+NXhd5VLJuJMzwe3L79fa9+IDTrAG3CPaf4s/31PD56hOrhDJTSmRELSXuiqXr6+OHzzP0PldSaWsFt7w==",
            "dev": true,
            "requires": {
                "@types/pouchdb-adapter-cordova-sqlite": "*",
                "@types/pouchdb-adapter-fruitdown": "*",
                "@types/pouchdb-adapter-http": "*",
                "@types/pouchdb-adapter-idb": "*",
                "@types/pouchdb-adapter-leveldb": "*",
                "@types/pouchdb-adapter-localstorage": "*",
                "@types/pouchdb-adapter-memory": "*",
                "@types/pouchdb-adapter-node-websql": "*",
                "@types/pouchdb-adapter-websql": "*",
                "@types/pouchdb-browser": "*",
                "@types/pouchdb-core": "*",
                "@types/pouchdb-http": "*",
                "@types/pouchdb-mapreduce": "*",
                "@types/pouchdb-node": "*",
                "@types/pouchdb-replication": "*"
            }
        },
        "@types/pouchdb-adapter-cordova-sqlite": {
            "version": "1.0.0",
            "resolved": "https://registry.npmjs.org/@types/pouchdb-adapter-cordova-sqlite/-/pouchdb-adapter-cordova-sqlite-1.0.0.tgz",
            "integrity": "sha512-NsqpEYKunBS/BPvttlOVQ5Me6LdU6UYZB0Qak3XS/AvLeIRdF61MZ/czSuL/ozydYr6bikewt6dvlpCK1HWG9Q==",
            "dev": true,
            "requires": {
                "@types/pouchdb-core": "*"
            }
        },
        "@types/pouchdb-adapter-fruitdown": {
            "version": "6.1.3",
            "resolved": "https://registry.npmjs.org/@types/pouchdb-adapter-fruitdown/-/pouchdb-adapter-fruitdown-6.1.3.tgz",
            "integrity": "sha512-Wz1Z1JLOW1hgmFQjqnSkmyyfH7by/iWb4abKn684WMvQfmxx6BxKJpJ4+eulkVPQzzgMMSgU1MpnQOm9FgRkbw==",
            "dev": true,
            "requires": {
                "@types/pouchdb-core": "*"
            }
        },
        "@types/pouchdb-adapter-http": {
            "version": "6.1.3",
            "resolved": "https://registry.npmjs.org/@types/pouchdb-adapter-http/-/pouchdb-adapter-http-6.1.3.tgz",
            "integrity": "sha512-9Z4TLbF/KJWy/D2sWRPBA+RNU0odQimfdvlDX+EY7rGcd3aVoH8qjD/X0Xcd/0dfBH5pKrNIMFFQgW/TylRCmA==",
            "dev": true,
            "requires": {
                "@types/pouchdb-core": "*"
            }
        },
        "@types/pouchdb-adapter-idb": {
            "version": "6.1.3",
            "resolved": "https://registry.npmjs.org/@types/pouchdb-adapter-idb/-/pouchdb-adapter-idb-6.1.3.tgz",
            "integrity": "sha512-K4G9pmHkR2JyL8d6cllIEix2dtQFVIJyDcgoT7ctrbIyyhT4kRjieGc3O7tzIhm1bv7W2qz1aResO9lq7qjKVQ==",
            "dev": true,
            "requires": {
                "@types/pouchdb-core": "*"
            }
        },
        "@types/pouchdb-adapter-leveldb": {
            "version": "6.1.3",
            "resolved": "https://registry.npmjs.org/@types/pouchdb-adapter-leveldb/-/pouchdb-adapter-leveldb-6.1.3.tgz",
            "integrity": "sha512-ex8NFqQGFwEpFi7AaZ5YofmuemfZNsL3nTFZBUCAKYMBkazQij1pe2ILLStSvJr0XS0qxgXjCEW19T5Wqiiskg==",
            "dev": true,
            "requires": {
                "@types/pouchdb-core": "*"
            }
        },
        "@types/pouchdb-adapter-localstorage": {
            "version": "6.1.3",
            "resolved": "https://registry.npmjs.org/@types/pouchdb-adapter-localstorage/-/pouchdb-adapter-localstorage-6.1.3.tgz",
            "integrity": "sha512-oor040tye1KKiGLWYtIy7rRT7C2yoyX3Tf6elEJRpjOA7Ja/H8lKc4LaSh9ATbptIcES6MRqZDxtp7ly9hsW3Q==",
            "dev": true,
            "requires": {
                "@types/pouchdb-core": "*"
            }
        },
        "@types/pouchdb-adapter-memory": {
            "version": "6.1.3",
            "resolved": "https://registry.npmjs.org/@types/pouchdb-adapter-memory/-/pouchdb-adapter-memory-6.1.3.tgz",
            "integrity": "sha512-gVbsIMzDzgZYThFVT4eVNsmuZwVm/4jDxP1sjlgc3qtDIxbtBhGgyNfcskwwz9Zu5Lv1avkDsIWvcxQhnvRlHg==",
            "dev": true,
            "requires": {
                "@types/pouchdb-core": "*"
            }
        },
        "@types/pouchdb-adapter-node-websql": {
            "version": "6.1.3",
            "resolved": "https://registry.npmjs.org/@types/pouchdb-adapter-node-websql/-/pouchdb-adapter-node-websql-6.1.3.tgz",
            "integrity": "sha512-F/P+os6Jsa7CgHtH64+Z0HfwIcj0hIRB5z8gNhF7L7dxPWoAfkopK5H2gydrP3sQrlGyN4WInF+UJW/Zu1+FKg==",
            "dev": true,
            "requires": {
                "@types/pouchdb-adapter-websql": "*",
                "@types/pouchdb-core": "*"
            }
        },
        "@types/pouchdb-adapter-websql": {
            "version": "6.1.3",
            "resolved": "https://registry.npmjs.org/@types/pouchdb-adapter-websql/-/pouchdb-adapter-websql-6.1.3.tgz",
            "integrity": "sha512-0AsCWnliwg/3PKj5NAoFuzpnMQKXGBOl+6q8aNxK3N9Tq3SbV91QhgW/mdJsOdqSOw0EBudkGdE6/CZlrgeLpw==",
            "dev": true,
            "requires": {
                "@types/pouchdb-core": "*"
            }
        },
        "@types/pouchdb-browser": {
            "version": "6.1.3",
            "resolved": "https://registry.npmjs.org/@types/pouchdb-browser/-/pouchdb-browser-6.1.3.tgz",
            "integrity": "sha512-EdYowrWxW9SWBMX/rux2eq7dbHi5Zeyzz+FF/IAsgQKnUxgeCO5VO2j4zTzos0SDyJvAQU+EYRc11r7xGn5tvA==",
            "dev": true,
            "requires": {
                "@types/pouchdb-adapter-http": "*",
                "@types/pouchdb-adapter-idb": "*",
                "@types/pouchdb-adapter-websql": "*",
                "@types/pouchdb-core": "*",
                "@types/pouchdb-mapreduce": "*",
                "@types/pouchdb-replication": "*"
            }
        },
        "@types/pouchdb-core": {
            "version": "7.0.5",
            "resolved": "https://registry.npmjs.org/@types/pouchdb-core/-/pouchdb-core-7.0.5.tgz",
            "integrity": "sha512-jTR9Yy0a7cNn0+zhwPQF0mQywC9fHD1cKLNwlCF/NX5EQLS7FN4R55gbo3CgcNJ3Gu59EJd4nkA9RzR66zwKRw==",
            "dev": true,
            "requires": {
                "@types/debug": "*",
                "@types/node-fetch": "*",
                "@types/pouchdb-find": "*"
            }
        },
        "@types/pouchdb-find": {
            "version": "6.3.4",
            "resolved": "https://registry.npmjs.org/@types/pouchdb-find/-/pouchdb-find-6.3.4.tgz",
            "integrity": "sha512-yT959pA3JgQns4Z9mlmuuUd6kEg7mSgRnF+XVN/EjFjuhZjKgR79+ia2R/UtUPKLtsm63IX6uHZFSPvkDhU/rA==",
            "dev": true,
            "requires": {
                "@types/pouchdb-core": "*"
            }
        },
        "@types/pouchdb-http": {
            "version": "6.1.3",
            "resolved": "https://registry.npmjs.org/@types/pouchdb-http/-/pouchdb-http-6.1.3.tgz",
            "integrity": "sha512-0e9E5SqNOyPl/3FnEIbENssB4FlJsNYuOy131nxrZk36S+y1R/6qO7ZVRypWpGTqBWSuVd7gCsq2UDwO/285+w==",
            "dev": true,
            "requires": {
                "@types/pouchdb-adapter-http": "*",
                "@types/pouchdb-core": "*"
            }
        },
        "@types/pouchdb-mapreduce": {
            "version": "6.1.4",
            "resolved": "https://registry.npmjs.org/@types/pouchdb-mapreduce/-/pouchdb-mapreduce-6.1.4.tgz",
            "integrity": "sha512-c8cZ8E9zEl7ZMcrE5jaF2qOm+cxQ01+B0NG9oGHVX3Mj5G8m4oIBAUELJmJw9LvEq3r9nXXn6g9TvvN8NiRalg==",
            "dev": true,
            "requires": {
                "@types/pouchdb-core": "*"
            }
        },
        "@types/pouchdb-node": {
            "version": "6.1.3",
            "resolved": "https://registry.npmjs.org/@types/pouchdb-node/-/pouchdb-node-6.1.3.tgz",
            "integrity": "sha512-rZb3eWGLKJo4LBhUIJLofyoric/5wKYI6HVUld8CfDWeVZgYVUJ/GEw/vXuqXsbgbsaNyk6XeU9461ULBt+0qg==",
            "dev": true,
            "requires": {
                "@types/pouchdb-adapter-http": "*",
                "@types/pouchdb-adapter-leveldb": "*",
                "@types/pouchdb-core": "*",
                "@types/pouchdb-mapreduce": "*",
                "@types/pouchdb-replication": "*"
            }
        },
        "@types/pouchdb-replication": {
            "version": "6.4.2",
            "resolved": "https://registry.npmjs.org/@types/pouchdb-replication/-/pouchdb-replication-6.4.2.tgz",
            "integrity": "sha512-BbuwkCv6nu8RUVjymUvhSw/Oo+VOCWyUpio3ujOoxhVdef/JZ5AUjsotgKWHiG0OtkZ8O5oCbAx5uH1Zf6w9XA==",
            "dev": true,
            "requires": {
                "@types/pouchdb-core": "*",
                "@types/pouchdb-find": "*"
            }
        },
        "@types/qs": {
            "version": "6.9.1",
            "resolved": "https://registry.npmjs.org/@types/qs/-/qs-6.9.1.tgz",
            "integrity": "sha512-lhbQXx9HKZAPgBkISrBcmAcMpZsmpe/Cd/hY7LGZS5OfkySUBItnPZHgQPssWYUET8elF+yCFBbP1Q0RZPTdaw==",
            "dev": true
        },
        "@types/range-parser": {
            "version": "1.2.3",
            "resolved": "https://registry.npmjs.org/@types/range-parser/-/range-parser-1.2.3.tgz",
            "integrity": "sha512-ewFXqrQHlFsgc09MK5jP5iR7vumV/BYayNC6PgJO2LPe8vrnNFyjQjSppfEngITi0qvfKtzFvgKymGheFM9UOA==",
            "dev": true
        },
        "@types/serve-static": {
            "version": "1.13.3",
            "resolved": "https://registry.npmjs.org/@types/serve-static/-/serve-static-1.13.3.tgz",
            "integrity": "sha512-oprSwp094zOglVrXdlo/4bAHtKTAxX6VT8FOZlBKrmyLbNvE1zxZyJ6yikMVtHIvwP45+ZQGJn+FdXGKTozq0g==",
            "dev": true,
            "requires": {
                "@types/express-serve-static-core": "*",
                "@types/mime": "*"
            }
        },
        "abort-controller": {
            "version": "3.0.0",
            "resolved": "https://registry.npmjs.org/abort-controller/-/abort-controller-3.0.0.tgz",
            "integrity": "sha512-h8lQ8tacZYnR3vNQTgibj+tODHI5/+l06Au2Pcriv/Gmet0eaj4TwWH41sO9wnHDiQsEj19q0drzdWdeAHtweg==",
            "requires": {
                "event-target-shim": "^5.0.0"
            }
        },
        "abstract-leveldown": {
            "version": "6.2.3",
            "resolved": "https://registry.npmjs.org/abstract-leveldown/-/abstract-leveldown-6.2.3.tgz",
            "integrity": "sha512-BsLm5vFMRUrrLeCcRc+G0t2qOaTzpoJQLOubq2XM72eNpjF5UdU5o/5NvlNhx95XHcAvcl8OMXr4mlg/fRgUXQ==",
            "requires": {
                "buffer": "^5.5.0",
                "immediate": "^3.2.3",
                "level-concat-iterator": "~2.0.0",
                "level-supports": "~1.0.0",
                "xtend": "~4.0.0"
            },
            "dependencies": {
                "immediate": {
                    "version": "3.2.3",
                    "resolved": "https://registry.npmjs.org/immediate/-/immediate-3.2.3.tgz",
                    "integrity": "sha1-0UD6j2FGWb1lQSMwl92qwlzdmRw="
                }
            }
        },
        "argsarray": {
            "version": "0.0.1",
            "resolved": "https://registry.npmjs.org/argsarray/-/argsarray-0.0.1.tgz",
            "integrity": "sha1-bnIHtOzbObCviDA/pa4ivajfYcs="
        },
        "asynckit": {
            "version": "0.4.0",
            "resolved": "https://registry.npmjs.org/asynckit/-/asynckit-0.4.0.tgz",
            "integrity": "sha1-x57Zf380y48robyXkLzDZkdLS3k=",
            "dev": true
        },
        "base64-js": {
            "version": "1.3.1",
            "resolved": "https://registry.npmjs.org/base64-js/-/base64-js-1.3.1.tgz",
            "integrity": "sha512-mLQ4i2QO1ytvGWFWmcngKO//JXAQueZvwEKtjgQFM4jIK0kU+ytMfplL8j+n5mspOfjHwoAg+9yhb7BwAHm36g=="
        },
        "buffer": {
            "version": "5.6.0",
            "resolved": "https://registry.npmjs.org/buffer/-/buffer-5.6.0.tgz",
            "integrity": "sha512-/gDYp/UtU0eA1ys8bOs9J6a+E/KWIY+DZ+Q2WESNUA0jFRsJOc0SNUO6xJ5SGA1xueg3NL65W6s+NY5l9cunuw==",
            "requires": {
                "base64-js": "^1.0.2",
                "ieee754": "^1.1.4"
            }
        },
        "buffer-from": {
            "version": "1.1.0",
            "resolved": "https://registry.npmjs.org/buffer-from/-/buffer-from-1.1.0.tgz",
            "integrity": "sha512-c5mRlguI/Pe2dSZmpER62rSCu0ryKmWddzRYsuXc50U2/g8jMOulc31VZMa4mYx31U5xsmSOpDCgH88Vl9cDGQ=="
        },
        "clone-buffer": {
            "version": "1.0.0",
            "resolved": "https://registry.npmjs.org/clone-buffer/-/clone-buffer-1.0.0.tgz",
            "integrity": "sha1-4+JbIHrE5wGvch4staFnksrD3Fg="
        },
        "combined-stream": {
            "version": "1.0.8",
            "resolved": "https://registry.npmjs.org/combined-stream/-/combined-stream-1.0.8.tgz",
            "integrity": "sha512-FQN4MRfuJeHf7cBbBMJFXhKSDq+2kAArBlmRBvcvFE5BB1HZKXtSFASDhdlz9zOYwxh8lDdnvmMOe/+5cdoEdg==",
            "dev": true,
            "requires": {
                "delayed-stream": "~1.0.0"
            }
        },
        "core-util-is": {
            "version": "1.0.2",
            "resolved": "https://registry.npmjs.org/core-util-is/-/core-util-is-1.0.2.tgz",
            "integrity": "sha1-tf1UIgqivFq1eqtxQMlAdUUDwac="
        },
        "deferred-leveldown": {
            "version": "5.3.0",
            "resolved": "https://registry.npmjs.org/deferred-leveldown/-/deferred-leveldown-5.3.0.tgz",
            "integrity": "sha512-a59VOT+oDy7vtAbLRCZwWgxu2BaCfd5Hk7wxJd48ei7I+nsg8Orlb9CLG0PMZienk9BSUKgeAqkO2+Lw+1+Ukw==",
            "requires": {
                "abstract-leveldown": "~6.2.1",
                "inherits": "^2.0.3"
            }
        },
        "delayed-stream": {
            "version": "1.0.0",
            "resolved": "https://registry.npmjs.org/delayed-stream/-/delayed-stream-1.0.0.tgz",
            "integrity": "sha1-3zrhmayt+31ECqrgsp4icrJOxhk=",
            "dev": true
        },
        "double-ended-queue": {
            "version": "2.1.0-0",
            "resolved": "https://registry.npmjs.org/double-ended-queue/-/double-ended-queue-2.1.0-0.tgz",
            "integrity": "sha1-ED01J/0xUo9AGIEwyEHv3XgmTlw="
        },
        "encoding-down": {
            "version": "6.3.0",
            "resolved": "https://registry.npmjs.org/encoding-down/-/encoding-down-6.3.0.tgz",
            "integrity": "sha512-QKrV0iKR6MZVJV08QY0wp1e7vF6QbhnbQhb07bwpEyuz4uZiZgPlEGdkCROuFkUwdxlFaiPIhjyarH1ee/3vhw==",
            "requires": {
                "abstract-leveldown": "^6.2.1",
                "inherits": "^2.0.3",
                "level-codec": "^9.0.0",
                "level-errors": "^2.0.0"
            }
        },
        "end-stream": {
            "version": "0.1.0",
            "resolved": "https://registry.npmjs.org/end-stream/-/end-stream-0.1.0.tgz",
            "integrity": "sha1-MgA/P0OKKwFDFoE3+PpumGbIHtU=",
            "requires": {
                "write-stream": "~0.4.3"
            }
        },
        "errno": {
            "version": "0.1.7",
            "resolved": "https://registry.npmjs.org/errno/-/errno-0.1.7.tgz",
            "integrity": "sha512-MfrRBDWzIWifgq6tJj60gkAwtLNb6sQPlcFrSOflcP1aFmmruKQ2wRnze/8V6kgyz7H3FF8Npzv78mZ7XLLflg==",
            "requires": {
                "prr": "~1.0.1"
            }
        },
        "es6-denodeify": {
            "version": "0.1.5",
            "resolved": "https://registry.npmjs.org/es6-denodeify/-/es6-denodeify-0.1.5.tgz",
            "integrity": "sha1-MdTV/pxVA+ElRgQ5MQ4WoqPznB8="
        },
        "event-target-shim": {
            "version": "5.0.1",
            "resolved": "https://registry.npmjs.org/event-target-shim/-/event-target-shim-5.0.1.tgz",
            "integrity": "sha512-i/2XbnSz/uxRCU6+NdVJgKWDTM427+MqYbkQzD321DuCQJUqOuJKIA0IM2+W2xtYHdKOmZ4dR6fExsd4SXL+WQ=="
        },
        "fetch-cookie": {
            "version": "0.7.3",
            "resolved": "https://registry.npmjs.org/fetch-cookie/-/fetch-cookie-0.7.3.tgz",
            "integrity": "sha512-rZPkLnI8x5V+zYAiz8QonAHsTb4BY+iFowFBI1RFn0zrO343AVp9X7/yUj/9wL6Ef/8fLls8b/vGtzUvmyAUGA==",
            "requires": {
                "es6-denodeify": "^0.1.1",
                "tough-cookie": "^2.3.3"
            }
        },
        "form-data": {
            "version": "3.0.0",
            "resolved": "https://registry.npmjs.org/form-data/-/form-data-3.0.0.tgz",
            "integrity": "sha512-CKMFDglpbMi6PyN+brwB9Q/GOw0eAnsrEZDgcsH5Krhz5Od/haKHAX0NmQfha2zPPz0JpWzA7GJHGSnvCRLWsg==",
            "dev": true,
            "requires": {
                "asynckit": "^0.4.0",
                "combined-stream": "^1.0.8",
                "mime-types": "^2.1.12"
            }
        },
        "ieee754": {
            "version": "1.1.13",
            "resolved": "https://registry.npmjs.org/ieee754/-/ieee754-1.1.13.tgz",
            "integrity": "sha512-4vf7I2LYV/HaWerSo3XmlMkp5eZ83i+/CDluXi/IGTs/O1sejBNhTtnxzmRZfvOUqj7lZjqHkeTvpgSFDlWZTg=="
        },
        "immediate": {
            "version": "3.0.6",
            "resolved": "https://registry.npmjs.org/immediate/-/immediate-3.0.6.tgz",
            "integrity": "sha1-nbHb0Pr43m++D13V5Wu2BigN5ps="
        },
        "inherits": {
            "version": "2.0.4",
            "resolved": "https://registry.npmjs.org/inherits/-/inherits-2.0.4.tgz",
            "integrity": "sha512-k/vGaX4/Yla3WzyMCvTQOXYeIHvqOKtnqBduzTHpzpQZzAskKMhZ2K+EnBiSM9zGSoIFeMpXKxa4dYeZIQqewQ=="
        },
        "isarray": {
            "version": "0.0.1",
            "resolved": "https://registry.npmjs.org/isarray/-/isarray-0.0.1.tgz",
            "integrity": "sha1-ihis/Kmo9Bd+Cav8YDiTmwXR7t8="
        },
        "level": {
            "version": "6.0.0",
            "resolved": "https://registry.npmjs.org/level/-/level-6.0.0.tgz",
            "integrity": "sha512-3oAi7gXLLNr7pHj8c4vbI6lHkXf35m8qb7zWMrNTrOax6CXBVggQAwL1xnC/1CszyYrW3BsLXsY5TMgTxtKfFA==",
            "requires": {
                "level-js": "^5.0.0",
                "level-packager": "^5.1.0",
                "leveldown": "^5.4.0",
                "opencollective-postinstall": "^2.0.0"
            }
        },
        "level-codec": {
            "version": "9.0.1",
            "resolved": "https://registry.npmjs.org/level-codec/-/level-codec-9.0.1.tgz",
            "integrity": "sha512-ajFP0kJ+nyq4i6kptSM+mAvJKLOg1X5FiFPtLG9M5gCEZyBmgDi3FkDrvlMkEzrUn1cWxtvVmrvoS4ASyO/q+Q=="
        },
        "level-concat-iterator": {
            "version": "2.0.1",
            "resolved": "https://registry.npmjs.org/level-concat-iterator/-/level-concat-iterator-2.0.1.tgz",
            "integrity": "sha512-OTKKOqeav2QWcERMJR7IS9CUo1sHnke2C0gkSmcR7QuEtFNLLzHQAvnMw8ykvEcv0Qtkg0p7FOwP1v9e5Smdcw=="
        },
        "level-errors": {
            "version": "2.0.1",
            "resolved": "https://registry.npmjs.org/level-errors/-/level-errors-2.0.1.tgz",
            "integrity": "sha512-UVprBJXite4gPS+3VznfgDSU8PTRuVX0NXwoWW50KLxd2yw4Y1t2JUR5In1itQnudZqRMT9DlAM3Q//9NCjCFw==",
            "requires": {
                "errno": "~0.1.1"
            }
        },
        "level-iterator-stream": {
            "version": "4.0.2",
            "resolved": "https://registry.npmjs.org/level-iterator-stream/-/level-iterator-stream-4.0.2.tgz",
            "integrity": "sha512-ZSthfEqzGSOMWoUGhTXdX9jv26d32XJuHz/5YnuHZzH6wldfWMOVwI9TBtKcya4BKTyTt3XVA0A3cF3q5CY30Q==",
            "requires": {
                "inherits": "^2.0.4",
                "readable-stream": "^3.4.0",
                "xtend": "^4.0.2"
            },
            "dependencies": {
                "readable-stream": {
                    "version": "3.6.0",
                    "resolved": "https://registry.npmjs.org/readable-stream/-/readable-stream-3.6.0.tgz",
                    "integrity": "sha512-BViHy7LKeTz4oNnkcLJ+lVSL6vpiFeX6/d3oSH8zCW7UxP2onchk+vTGB143xuFjHS3deTgkKoXXymXqymiIdA==",
                    "requires": {
                        "inherits": "^2.0.3",
                        "string_decoder": "^1.1.1",
                        "util-deprecate": "^1.0.1"
                    }
                }
            }
        },
        "level-js": {
            "version": "5.0.2",
            "resolved": "https://registry.npmjs.org/level-js/-/level-js-5.0.2.tgz",
            "integrity": "sha512-SnBIDo2pdO5VXh02ZmtAyPP6/+6YTJg2ibLtl9C34pWvmtMEmRTWpra+qO/hifkUtBTOtfx6S9vLDjBsBK4gRg==",
            "requires": {
                "abstract-leveldown": "~6.2.3",
                "buffer": "^5.5.0",
                "inherits": "^2.0.3",
                "ltgt": "^2.1.2"
            }
        },
        "level-packager": {
            "version": "5.1.1",
            "resolved": "https://registry.npmjs.org/level-packager/-/level-packager-5.1.1.tgz",
            "integrity": "sha512-HMwMaQPlTC1IlcwT3+swhqf/NUO+ZhXVz6TY1zZIIZlIR0YSn8GtAAWmIvKjNY16ZkEg/JcpAuQskxsXqC0yOQ==",
            "requires": {
                "encoding-down": "^6.3.0",
                "levelup": "^4.3.2"
            },
            "dependencies": {
                "levelup": {
                    "version": "4.4.0",
                    "resolved": "https://registry.npmjs.org/levelup/-/levelup-4.4.0.tgz",
                    "integrity": "sha512-94++VFO3qN95cM/d6eBXvd894oJE0w3cInq9USsyQzzoJxmiYzPAocNcuGCPGGjoXqDVJcr3C1jzt1TSjyaiLQ==",
                    "requires": {
                        "deferred-leveldown": "~5.3.0",
                        "level-errors": "~2.0.0",
                        "level-iterator-stream": "~4.0.0",
                        "level-supports": "~1.0.0",
                        "xtend": "~4.0.0"
                    }
                }
            }
        },
        "level-supports": {
            "version": "1.0.1",
            "resolved": "https://registry.npmjs.org/level-supports/-/level-supports-1.0.1.tgz",
            "integrity": "sha512-rXM7GYnW8gsl1vedTJIbzOrRv85c/2uCMpiiCzO2fndd06U/kUXEEU9evYn4zFggBOg36IsBW8LzqIpETwwQzg==",
            "requires": {
                "xtend": "^4.0.2"
            }
        },
        "level-write-stream": {
            "version": "1.0.0",
            "resolved": "https://registry.npmjs.org/level-write-stream/-/level-write-stream-1.0.0.tgz",
            "integrity": "sha1-P3+7Z5pVE3wP6zA97nZuEu4Twdw=",
            "requires": {
                "end-stream": "~0.1.0"
            }
        },
        "leveldown": {
            "version": "5.4.1",
            "resolved": "https://registry.npmjs.org/leveldown/-/leveldown-5.4.1.tgz",
            "integrity": "sha512-3lMPc7eU3yj5g+qF1qlALInzIYnkySIosR1AsUKFjL9D8fYbTLuENBAeDRZXIG4qeWOAyqRItOoLu2v2avWiMA==",
            "requires": {
                "abstract-leveldown": "~6.2.1",
                "napi-macros": "~2.0.0",
                "node-gyp-build": "~4.1.0"
            }
        },
        "levelup": {
            "version": "4.1.0",
            "resolved": "https://registry.npmjs.org/levelup/-/levelup-4.1.0.tgz",
            "integrity": "sha512-+Qhe2/jb5affN7BeFgWUUWVdYoGXO2nFS3QLEZKZynnQyP9xqA+7wgOz3fD8SST2UKpHQuZgjyJjTcB2nMl2dQ==",
            "requires": {
                "deferred-leveldown": "~5.1.0",
                "level-errors": "~2.0.0",
                "level-iterator-stream": "~4.0.0",
                "xtend": "~4.0.0"
            },
            "dependencies": {
                "abstract-leveldown": {
                    "version": "6.0.3",
                    "resolved": "https://registry.npmjs.org/abstract-leveldown/-/abstract-leveldown-6.0.3.tgz",
                    "integrity": "sha512-jzewKKpZbaYUa6HTThnrl+GrJhzjEAeuc7hTVpZdzg7kupXZFoqQDFwyOwLNbmJKJlmzw8yiipMPkDiuKkT06Q==",
                    "requires": {
                        "level-concat-iterator": "~2.0.0",
                        "xtend": "~4.0.0"
                    }
                },
                "deferred-leveldown": {
                    "version": "5.1.0",
                    "resolved": "https://registry.npmjs.org/deferred-leveldown/-/deferred-leveldown-5.1.0.tgz",
                    "integrity": "sha512-PvDY+BT2ONu2XVRgxHb77hYelLtMYxKSGuWuJJdVRXh9ntqx9GYTFJno/SKAz5xcd+yjQwyQeIZrUPjPvA52mg==",
                    "requires": {
                        "abstract-leveldown": "~6.0.0",
                        "inherits": "^2.0.3"
                    }
                }
            }
        },
        "ltgt": {
            "version": "2.2.1",
            "resolved": "https://registry.npmjs.org/ltgt/-/ltgt-2.2.1.tgz",
            "integrity": "sha1-81ypHEk/e3PaDgdJUwTxezH4fuU="
        },
        "mime-db": {
            "version": "1.43.0",
            "resolved": "https://registry.npmjs.org/mime-db/-/mime-db-1.43.0.tgz",
            "integrity": "sha512-+5dsGEEovYbT8UY9yD7eE4XTc4UwJ1jBYlgaQQF38ENsKR3wj/8q8RFZrF9WIZpB2V1ArTVFUva8sAul1NzRzQ==",
            "dev": true
        },
        "mime-types": {
            "version": "2.1.26",
            "resolved": "https://registry.npmjs.org/mime-types/-/mime-types-2.1.26.tgz",
            "integrity": "sha512-01paPWYgLrkqAyrlDorC1uDwl2p3qZT7yl806vW7DvDoxwXi46jsjFbg+WdwotBIk6/MbEhO/dh5aZ5sNj/dWQ==",
            "dev": true,
            "requires": {
                "mime-db": "1.43.0"
            }
        },
        "minimist": {
            "version": "1.2.5",
            "resolved": "https://registry.npmjs.org/minimist/-/minimist-1.2.5.tgz",
            "integrity": "sha512-FM9nNUYrRBAELZQT3xeZQ7fmMOBg6nWNmJKTcgsJeaLstP/UODVpGsr5OhXhhXg6f+qtJ8uiZ+PUxkDWcgIXLw=="
        },
        "mkdirp": {
            "version": "0.5.5",
            "resolved": "https://registry.npmjs.org/mkdirp/-/mkdirp-0.5.5.tgz",
            "integrity": "sha512-NKmAlESf6jMGym1++R0Ra7wvhV+wFW63FaSOFPwRahvea0gMUcGUhVeAg/0BC0wiv9ih5NYPB1Wn1UEI1/L+xQ==",
            "requires": {
                "minimist": "^1.2.5"
            }
        },
        "napi-macros": {
            "version": "2.0.0",
            "resolved": "https://registry.npmjs.org/napi-macros/-/napi-macros-2.0.0.tgz",
            "integrity": "sha512-A0xLykHtARfueITVDernsAWdtIMbOJgKgcluwENp3AlsKN/PloyO10HtmoqnFAQAcxPkgZN7wdfPfEd0zNGxbg=="
        },
        "node-fetch": {
            "version": "2.4.1",
            "resolved": "https://registry.npmjs.org/node-fetch/-/node-fetch-2.4.1.tgz",
            "integrity": "sha512-P9UbpFK87NyqBZzUuDBDz4f6Yiys8xm8j7ACDbi6usvFm6KItklQUKjeoqTrYS/S1k6I8oaOC2YLLDr/gg26Mw=="
        },
        "node-gyp-build": {
            "version": "4.1.1",
            "resolved": "https://registry.npmjs.org/node-gyp-build/-/node-gyp-build-4.1.1.tgz",
            "integrity": "sha512-dSq1xmcPDKPZ2EED2S6zw/b9NKsqzXRE6dVr8TVQnI3FJOTteUMuqF3Qqs6LZg+mLGYJWqQzMbIjMtJqTv87nQ=="
        },
        "opencollective-postinstall": {
            "version": "2.0.2",
            "resolved": "https://registry.npmjs.org/opencollective-postinstall/-/opencollective-postinstall-2.0.2.tgz",
            "integrity": "sha512-pVOEP16TrAO2/fjej1IdOyupJY8KDUM1CvsaScRbw6oddvpQoOfGk4ywha0HKKVAD6RkW4x6Q+tNBwhf3Bgpuw=="
        },
        "pouchdb": {
            "version": "7.2.1",
            "resolved": "https://registry.npmjs.org/pouchdb/-/pouchdb-7.2.1.tgz",
            "integrity": "sha512-AoDPdr6tFqj3xs7oiD2oioYj5MMu87c3UemRHZ/p++BwU+ZsKn5jpnL09OvWTLvMvaICGAOufiaUzmM1/KKoKQ==",
            "requires": {
                "abort-controller": "3.0.0",
                "argsarray": "0.0.1",
                "buffer-from": "1.1.0",
                "clone-buffer": "1.0.0",
                "double-ended-queue": "2.1.0-0",
                "fetch-cookie": "0.7.3",
                "immediate": "3.0.6",
                "inherits": "2.0.4",
                "level": "6.0.0",
                "level-codec": "9.0.1",
                "level-write-stream": "1.0.0",
                "leveldown": "5.4.1",
                "levelup": "4.1.0",
                "ltgt": "2.2.1",
                "node-fetch": "2.4.1",
                "readable-stream": "1.0.33",
                "spark-md5": "3.0.0",
                "through2": "3.0.1",
                "uuid": "3.3.3",
                "vuvuzela": "1.0.3"
            }
        },
        "prr": {
            "version": "1.0.1",
            "resolved": "https://registry.npmjs.org/prr/-/prr-1.0.1.tgz",
            "integrity": "sha1-0/wRS6BplaRexok/SEzrHXj19HY="
        },
        "psl": {
            "version": "1.8.0",
            "resolved": "https://registry.npmjs.org/psl/-/psl-1.8.0.tgz",
            "integrity": "sha512-RIdOzyoavK+hA18OGGWDqUTsCLhtA7IcZ/6NCs4fFJaHBDab+pDDmDIByWFRQJq2Cd7r1OoQxBGKOaztq+hjIQ=="
        },
        "punycode": {
            "version": "2.1.1",
            "resolved": "https://registry.npmjs.org/punycode/-/punycode-2.1.1.tgz",
            "integrity": "sha512-XRsRjdf+j5ml+y/6GKHPZbrF/8p2Yga0JPtdqTIY2Xe5ohJPD9saDJJLPvp9+NSBprVvevdXZybnj2cv8OEd0A=="
        },
        "readable-stream": {
            "version": "1.0.33",
            "resolved": "https://registry.npmjs.org/readable-stream/-/readable-stream-1.0.33.tgz",
            "integrity": "sha1-OjYN1mwbHX/UcFOJhg7aHQ9hEmw=",
            "requires": {
                "core-util-is": "~1.0.0",
                "inherits": "~2.0.1",
                "isarray": "0.0.1",
                "string_decoder": "~0.10.x"
            },
            "dependencies": {
                "string_decoder": {
                    "version": "0.10.31",
                    "resolved": "https://registry.npmjs.org/string_decoder/-/string_decoder-0.10.31.tgz",
                    "integrity": "sha1-YuIDvEF2bGwoyfyEMB2rHFMQ+pQ="
                }
            }
        },
        "safe-buffer": {
            "version": "5.2.0",
            "resolved": "https://registry.npmjs.org/safe-buffer/-/safe-buffer-5.2.0.tgz",
            "integrity": "sha512-fZEwUGbVl7kouZs1jCdMLdt95hdIv0ZeHg6L7qPeciMZhZ+/gdesW4wgTARkrFWEpspjEATAzUGPG8N2jJiwbg=="
        },
        "spark-md5": {
            "version": "3.0.0",
            "resolved": "https://registry.npmjs.org/spark-md5/-/spark-md5-3.0.0.tgz",
            "integrity": "sha1-NyIifFTi+vJLHcbZM8wUTm9xv+8="
        },
        "string_decoder": {
            "version": "1.3.0",
            "resolved": "https://registry.npmjs.org/string_decoder/-/string_decoder-1.3.0.tgz",
            "integrity": "sha512-hkRX8U1WjJFd8LsDJ2yQ/wWWxaopEsABU1XfkM8A+j0+85JAGppt16cr1Whg6KIbb4okU6Mql6BOj+uup/wKeA==",
            "requires": {
                "safe-buffer": "~5.2.0"
            }
        },
        "through2": {
            "version": "3.0.1",
            "resolved": "https://registry.npmjs.org/through2/-/through2-3.0.1.tgz",
            "integrity": "sha512-M96dvTalPT3YbYLaKaCuwu+j06D/8Jfib0o/PxbVt6Amhv3dUAtW6rTV1jPgJSBG83I/e04Y6xkVdVhSRhi0ww==",
            "requires": {
                "readable-stream": "2 || 3"
            },
            "dependencies": {
                "readable-stream": {
                    "version": "3.6.0",
                    "resolved": "https://registry.npmjs.org/readable-stream/-/readable-stream-3.6.0.tgz",
                    "integrity": "sha512-BViHy7LKeTz4oNnkcLJ+lVSL6vpiFeX6/d3oSH8zCW7UxP2onchk+vTGB143xuFjHS3deTgkKoXXymXqymiIdA==",
                    "requires": {
                        "inherits": "^2.0.3",
                        "string_decoder": "^1.1.1",
                        "util-deprecate": "^1.0.1"
                    }
                }
            }
        },
        "tough-cookie": {
            "version": "2.5.0",
            "resolved": "https://registry.npmjs.org/tough-cookie/-/tough-cookie-2.5.0.tgz",
            "integrity": "sha512-nlLsUzgm1kfLXSXfRZMc1KLAugd4hqJHDTvc2hDIwS3mZAfMEuMbc03SujMF+GEcpaX/qboeycw6iO8JwVv2+g==",
            "requires": {
                "psl": "^1.1.28",
                "punycode": "^2.1.1"
            }
        },
        "typescript": {
            "version": "3.8.3",
            "resolved": "https://registry.npmjs.org/typescript/-/typescript-3.8.3.tgz",
            "integrity": "sha512-MYlEfn5VrLNsgudQTVJeNaQFUAI7DkhnOjdpAp4T+ku1TfQClewlbSuTVHiA+8skNBgaf02TL/kLOvig4y3G8w==",
            "dev": true
        },
        "util-deprecate": {
            "version": "1.0.2",
            "resolved": "https://registry.npmjs.org/util-deprecate/-/util-deprecate-1.0.2.tgz",
            "integrity": "sha1-RQ1Nyfpw3nMnYvvS1KKJgUGaDM8="
        },
        "uuid": {
            "version": "3.3.3",
            "resolved": "https://registry.npmjs.org/uuid/-/uuid-3.3.3.tgz",
            "integrity": "sha512-pW0No1RGHgzlpHJO1nsVrHKpOEIxkGg1xB+v0ZmdNH5OAeAwzAVrCnI2/6Mtx+Uys6iaylxa+D3g4j63IKKjSQ=="
        },
        "vuvuzela": {
            "version": "1.0.3",
            "resolved": "https://registry.npmjs.org/vuvuzela/-/vuvuzela-1.0.3.tgz",
            "integrity": "sha1-O+FF5YJxxzylUnndhR8SpoIRSws="
        },
        "write-stream": {
            "version": "0.4.3",
            "resolved": "https://registry.npmjs.org/write-stream/-/write-stream-0.4.3.tgz",
            "integrity": "sha1-g8yMA0fQr2BXqThitOOuAd5cgcE=",
            "requires": {
                "readable-stream": "~0.0.2"
            },
            "dependencies": {
                "readable-stream": {
                    "version": "0.0.4",
                    "resolved": "https://registry.npmjs.org/readable-stream/-/readable-stream-0.0.4.tgz",
                    "integrity": "sha1-8y124/uGM0SlSNeZIwBxc2ZbO40="
                }
            }
        },
        "xtend": {
            "version": "4.0.2",
            "resolved": "https://registry.npmjs.org/xtend/-/xtend-4.0.2.tgz",
            "integrity": "sha512-LKYU1iAXJXUgAXn9URjiu+MWhyUXHsvfp7mcuYm9dSUKK0/CjtrUwFAxD82/mCWbtLsGjFIad0wIsod4zrTAEQ=="
        }
    }
}
